
Microsoft Visual Studio Solution File, Format Version 12.00
# Visual Studio Version 16
VisualStudioVersion = 16.0.31410.357
MinimumVisualStudioVersion = 10.0.40219.1
Project("{FAE04EC0-301F-11D3-BF4B-00C04F79EFBC}") = "chp-4-programming-problem-1-gjohn2-lab", "chp-4-programming-problem-1-gjohn2-lab.csproj", "{EB1C65C3-A75B-46BA-94CA-8240E09BE9F4}"
EndProject
Global
	GlobalSection(SolutionConfigurationPlatforms) = preSolution
		Debug|Any CPU = Debug|Any CPU
		Release|Any CPU = Release|Any CPU
	EndGlobalSection
	GlobalSection(ProjectConfigurationPlatforms) = postSolution
		{EB1C65C3-A75B-46BA-94CA-8240E09BE9F4}.Debug|Any CPU.ActiveCfg = Debug|Any CPU
		{EB1C65C3-A75B-46BA-94CA-8240E09BE9F4}.Debug|Any CPU.Build.0 = Debug|Any CPU
		{EB1C65C3-A75B-46BA-94CA-8240E09BE9F4}.Release|Any CPU.ActiveCfg = Release|Any CPU
		{EB1C65C3-A75B-46BA-94CA-8240E09BE9F4}.Release|Any CPU.Build.0 = Release|Any CPU
	EndGlobalSection
	GlobalSection(SolutionProperties) = preSolution
		HideSolutionNode = FALSE
	EndGlobalSection
	GlobalSection(ExtensibilityGlobals) = postSolution
		SolutionGuid = {413757AC-1E4B-4D3C-BB2D-8AF4AE7B1456}
	EndGlobalSection
EndGlobal
